
Microsoft Visual Studio Solution File, Format Version 12.00
# Visual Studio Version 17
VisualStudioVersion = 17.12.35527.113
MinimumVisualStudioVersion = 10.0.40219.1
Project("{FAE04EC0-301F-11D3-BF4B-00C04F79EFBC}") = "AcmeAnvils", "AcmeAnvils\AcmeAnvils.csproj", "{3616606E-618A-4EBE-9CF0-3F0877C678C1}"
EndProject
Project("{FAE04EC0-301F-11D3-BF4B-00C04F79EFBC}") = "AcmeAnvilsTests", "AcmeAnvilsTests\AcmeAnvilsTests.csproj", "{257B34DF-BEE4-46D6-A612-78FEE4C3E72A}"
EndProject
Global
	GlobalSection(SolutionConfigurationPlatforms) = preSolution
		Debug|Any CPU = Debug|Any CPU
		Release|Any CPU = Release|Any CPU
	EndGlobalSection
	GlobalSection(ProjectConfigurationPlatforms) = postSolution
		{3616606E-618A-4EBE-9CF0-3F0877C678C1}.Debug|Any CPU.ActiveCfg = Debug|Any CPU
		{3616606E-618A-4EBE-9CF0-3F0877C678C1}.Debug|Any CPU.Build.0 = Debug|Any CPU
		{3616606E-618A-4EBE-9CF0-3F0877C678C1}.Release|Any CPU.ActiveCfg = Release|Any CPU
		{3616606E-618A-4EBE-9CF0-3F0877C678C1}.Release|Any CPU.Build.0 = Release|Any CPU
		{257B34DF-BEE4-46D6-A612-78FEE4C3E72A}.Debug|Any CPU.ActiveCfg = Debug|Any CPU
		{257B34DF-BEE4-46D6-A612-78FEE4C3E72A}.Debug|Any CPU.Build.0 = Debug|Any CPU
		{257B34DF-BEE4-46D6-A612-78FEE4C3E72A}.Release|Any CPU.ActiveCfg = Release|Any CPU
		{257B34DF-BEE4-46D6-A612-78FEE4C3E72A}.Release|Any CPU.Build.0 = Release|Any CPU
	EndGlobalSection
	GlobalSection(SolutionProperties) = preSolution
		HideSolutionNode = FALSE
	EndGlobalSection
EndGlobal
